
Microsoft Visual Studio Solution File, Format Version 12.00
# Visual Studio 15
VisualStudioVersion = 15.0.28307.1062
MinimumVisualStudioVersion = 10.0.40219.1
Project("{FAE04EC0-301F-11D3-BF4B-00C04F79EFBC}") = "SalesWebMvc", "SalesWebMvc\SalesWebMvc.csproj", "{527002F4-B181-462D-957F-7ECC0E35CC14}"
EndProject
Global
	GlobalSection(SolutionConfigurationPlatforms) = preSolution
		Debug|Any CPU = Debug|Any CPU
		Release|Any CPU = Release|Any CPU
	EndGlobalSection
	GlobalSection(ProjectConfigurationPlatforms) = postSolution
		{527002F4-B181-462D-957F-7ECC0E35CC14}.Debug|Any CPU.ActiveCfg = Debug|Any CPU
		{527002F4-B181-462D-957F-7ECC0E35CC14}.Debug|Any CPU.Build.0 = Debug|Any CPU
		{527002F4-B181-462D-957F-7ECC0E35CC14}.Release|Any CPU.ActiveCfg = Release|Any CPU
		{527002F4-B181-462D-957F-7ECC0E35CC14}.Release|Any CPU.Build.0 = Release|Any CPU
	EndGlobalSection
	GlobalSection(SolutionProperties) = preSolution
		HideSolutionNode = FALSE
	EndGlobalSection
	GlobalSection(ExtensibilityGlobals) = postSolution
		SolutionGuid = {E0D7C377-A3BC-4BB8-9D85-349EBA8FFCA0}
	EndGlobalSection
EndGlobal
